
Microsoft Visual Studio Solution File, Format Version 12.00
# Visual Studio 14
VisualStudioVersion = 14.0.25420.1
MinimumVisualStudioVersion = 10.0.40219.1
Project("{8BC9CEB8-8B4A-11D0-8D11-00A0C91BC942}") = "Demo", "Demo\Demo.vcxproj", "{D3C242B7-995D-4FE8-86B0-E71D11765D11}"
EndProject
Project("{8BC9CEB8-8B4A-11D0-8D11-00A0C91BC942}") = "34Working with Strings", "34Working with Strings\34Working with Strings.vcxproj", "{AB67280C-5B81-4F46-8F2F-416E24D0B059}"
EndProject
Project("{8BC9CEB8-8B4A-11D0-8D11-00A0C91BC942}") = "Ex4", "Ex4\Ex4.vcxproj", "{F613B81F-646E-40A3-8C60-4D6FB40D121D}"
EndProject
Project("{8BC9CEB8-8B4A-11D0-8D11-00A0C91BC942}") = "ex32", "ex32\ex32.vcxproj", "{62C3A1B7-23B1-4FDB-B1C3-034AFA6B6ADE}"
EndProject
Project("{8BC9CEB8-8B4A-11D0-8D11-00A0C91BC942}") = "linked_list", "EX42\EX42.vcxproj", "{BC80BBB6-404B-44B2-968E-16B7C8CCA6B2}"
EndProject
Project("{8BC9CEB8-8B4A-11D0-8D11-00A0C91BC942}") = "ex43", "ex43\ex43.vcxproj", "{550E250D-67A7-45A5-924F-48C20D9397A4}"
EndProject
Project("{8BC9CEB8-8B4A-11D0-8D11-00A0C91BC942}") = "Exercise3", "Exercise3\Exercise3.vcxproj", "{D5E0A59C-02FF-4D6A-9A4D-ABEB2B101079}"
EndProject
Project("{8BC9CEB8-8B4A-11D0-8D11-00A0C91BC942}") = "Fahrenheit", "Fahrenheit\Fahrenheit.vcxproj", "{65FC302E-967D-45E1-AD39-FB03080889D8}"
EndProject
Project("{8BC9CEB8-8B4A-11D0-8D11-00A0C91BC942}") = "HelloWorld", "HelloWorld\HelloWorld.vcxproj", "{02027D1F-8EC0-4939-92C1-4E55CF2AD118}"
EndProject
Project("{8BC9CEB8-8B4A-11D0-8D11-00A0C91BC942}") = "Operations", "Operations\Operations.vcxproj", "{CCB1A013-A33D-4DB3-8EC6-9B350934618C}"
EndProject
Project("{8BC9CEB8-8B4A-11D0-8D11-00A0C91BC942}") = "Read Write Text", "Read Write Text\Read Write Text.vcxproj", "{5CB4E9D3-A300-46E6-B410-8EFCEDEC893B}"
EndProject
Project("{8BC9CEB8-8B4A-11D0-8D11-00A0C91BC942}") = "Student Teachers Courses", "Student Teachers Courses\Student Teachers Courses.vcxproj", "{14348E3B-401A-4D8D-82F8-1330203C7CA5}"
EndProject
Project("{8BC9CEB8-8B4A-11D0-8D11-00A0C91BC942}") = "Junit_linked_list", "Junit_linked_list\Junit_linked_list.vcxproj", "{AA0FCF75-1427-42F9-AEBD-DA51136E7965}"
EndProject
Project("{8BC9CEB8-8B4A-11D0-8D11-00A0C91BC942}") = "my_math", "my_math\my_math.vcxproj", "{0FC538BC-6151-4FA4-8E11-5DDC8441E232}"
EndProject
Project("{8BC9CEB8-8B4A-11D0-8D11-00A0C91BC942}") = "my_math_test", "my_math_test\my_math_test.vcxproj", "{34894ACC-0D11-497E-B8B2-7C6A094BE6BE}"
EndProject
Project("{8BC9CEB8-8B4A-11D0-8D11-00A0C91BC942}") = "Account-TDD", "Account\Account.vcxproj", "{67B9E86A-1239-4735-B340-4C46906A7505}"
EndProject
Project("{8BC9CEB8-8B4A-11D0-8D11-00A0C91BC942}") = "Bowling Game-TDD", "Bowling Game Kata\Bowling Game Kata.vcxproj", "{0C1E298C-DB25-4DEE-BCF0-F36987F99012}"
EndProject
Project("{8BC9CEB8-8B4A-11D0-8D11-00A0C91BC942}") = "Game 25000-TDD", "Game 25000\Game 25000.vcxproj", "{C0C7DD53-89AC-4AB7-BDFE-607C095C6F03}"
EndProject
Project("{8BC9CEB8-8B4A-11D0-8D11-00A0C91BC942}") = "tst", "tst\tst.vcxproj", "{5B8437F1-05AC-4909-AB0D-F43810D7CC8C}"
EndProject
Global
	GlobalSection(SolutionConfigurationPlatforms) = preSolution
		Debug|x64 = Debug|x64
		Debug|x86 = Debug|x86
		Release|x64 = Release|x64
		Release|x86 = Release|x86
	EndGlobalSection
	GlobalSection(ProjectConfigurationPlatforms) = postSolution
		{D3C242B7-995D-4FE8-86B0-E71D11765D11}.Debug|x64.ActiveCfg = Debug|x64
		{D3C242B7-995D-4FE8-86B0-E71D11765D11}.Debug|x64.Build.0 = Debug|x64
		{D3C242B7-995D-4FE8-86B0-E71D11765D11}.Debug|x86.ActiveCfg = Debug|Win32
		{D3C242B7-995D-4FE8-86B0-E71D11765D11}.Debug|x86.Build.0 = Debug|Win32
		{D3C242B7-995D-4FE8-86B0-E71D11765D11}.Release|x64.ActiveCfg = Release|x64
		{D3C242B7-995D-4FE8-86B0-E71D11765D11}.Release|x64.Build.0 = Release|x64
		{D3C242B7-995D-4FE8-86B0-E71D11765D11}.Release|x86.ActiveCfg = Release|Win32
		{D3C242B7-995D-4FE8-86B0-E71D11765D11}.Release|x86.Build.0 = Release|Win32
		{AB67280C-5B81-4F46-8F2F-416E24D0B059}.Debug|x64.ActiveCfg = Debug|x64
		{AB67280C-5B81-4F46-8F2F-416E24D0B059}.Debug|x64.Build.0 = Debug|x64
		{AB67280C-5B81-4F46-8F2F-416E24D0B059}.Debug|x86.ActiveCfg = Debug|Win32
		{AB67280C-5B81-4F46-8F2F-416E24D0B059}.Debug|x86.Build.0 = Debug|Win32
		{AB67280C-5B81-4F46-8F2F-416E24D0B059}.Release|x64.ActiveCfg = Release|x64
		{AB67280C-5B81-4F46-8F2F-416E24D0B059}.Release|x64.Build.0 = Release|x64
		{AB67280C-5B81-4F46-8F2F-416E24D0B059}.Release|x86.ActiveCfg = Release|Win32
		{AB67280C-5B81-4F46-8F2F-416E24D0B059}.Release|x86.Build.0 = Release|Win32
		{F613B81F-646E-40A3-8C60-4D6FB40D121D}.Debug|x64.ActiveCfg = Debug|x64
		{F613B81F-646E-40A3-8C60-4D6FB40D121D}.Debug|x64.Build.0 = Debug|x64
		{F613B81F-646E-40A3-8C60-4D6FB40D121D}.Debug|x86.ActiveCfg = Debug|Win32
		{F613B81F-646E-40A3-8C60-4D6FB40D121D}.Debug|x86.Build.0 = Debug|Win32
		{F613B81F-646E-40A3-8C60-4D6FB40D121D}.Release|x64.ActiveCfg = Release|x64
		{F613B81F-646E-40A3-8C60-4D6FB40D121D}.Release|x64.Build.0 = Release|x64
		{F613B81F-646E-40A3-8C60-4D6FB40D121D}.Release|x86.ActiveCfg = Release|Win32
		{F613B81F-646E-40A3-8C60-4D6FB40D121D}.Release|x86.Build.0 = Release|Win32
		{62C3A1B7-23B1-4FDB-B1C3-034AFA6B6ADE}.Debug|x64.ActiveCfg = Debug|x64
		{62C3A1B7-23B1-4FDB-B1C3-034AFA6B6ADE}.Debug|x64.Build.0 = Debug|x64
		{62C3A1B7-23B1-4FDB-B1C3-034AFA6B6ADE}.Debug|x86.ActiveCfg = Debug|Win32
		{62C3A1B7-23B1-4FDB-B1C3-034AFA6B6ADE}.Debug|x86.Build.0 = Debug|Win32
		{62C3A1B7-23B1-4FDB-B1C3-034AFA6B6ADE}.Release|x64.ActiveCfg = Release|x64
		{62C3A1B7-23B1-4FDB-B1C3-034AFA6B6ADE}.Release|x64.Build.0 = Release|x64
		{62C3A1B7-23B1-4FDB-B1C3-034AFA6B6ADE}.Release|x86.ActiveCfg = Release|Win32
		{62C3A1B7-23B1-4FDB-B1C3-034AFA6B6ADE}.Release|x86.Build.0 = Release|Win32
		{BC80BBB6-404B-44B2-968E-16B7C8CCA6B2}.Debug|x64.ActiveCfg = Debug|x64
		{BC80BBB6-404B-44B2-968E-16B7C8CCA6B2}.Debug|x64.Build.0 = Debug|x64
		{BC80BBB6-404B-44B2-968E-16B7C8CCA6B2}.Debug|x86.ActiveCfg = Debug|Win32
		{BC80BBB6-404B-44B2-968E-16B7C8CCA6B2}.Debug|x86.Build.0 = Debug|Win32
		{BC80BBB6-404B-44B2-968E-16B7C8CCA6B2}.Release|x64.ActiveCfg = Release|x64
		{BC80BBB6-404B-44B2-968E-16B7C8CCA6B2}.Release|x64.Build.0 = Release|x64
		{BC80BBB6-404B-44B2-968E-16B7C8CCA6B2}.Release|x86.ActiveCfg = Release|Win32
		{BC80BBB6-404B-44B2-968E-16B7C8CCA6B2}.Release|x86.Build.0 = Release|Win32
		{550E250D-67A7-45A5-924F-48C20D9397A4}.Debug|x64.ActiveCfg = Debug|x64
		{550E250D-67A7-45A5-924F-48C20D9397A4}.Debug|x64.Build.0 = Debug|x64
		{550E250D-67A7-45A5-924F-48C20D9397A4}.Debug|x86.ActiveCfg = Debug|Win32
		{550E250D-67A7-45A5-924F-48C20D9397A4}.Debug|x86.Build.0 = Debug|Win32
		{550E250D-67A7-45A5-924F-48C20D9397A4}.Release|x64.ActiveCfg = Release|x64
		{550E250D-67A7-45A5-924F-48C20D9397A4}.Release|x64.Build.0 = Release|x64
		{550E250D-67A7-45A5-924F-48C20D9397A4}.Release|x86.ActiveCfg = Release|Win32
		{550E250D-67A7-45A5-924F-48C20D9397A4}.Release|x86.Build.0 = Release|Win32
		{D5E0A59C-02FF-4D6A-9A4D-ABEB2B101079}.Debug|x64.ActiveCfg = Debug|x64
		{D5E0A59C-02FF-4D6A-9A4D-ABEB2B101079}.Debug|x64.Build.0 = Debug|x64
		{D5E0A59C-02FF-4D6A-9A4D-ABEB2B101079}.Debug|x86.ActiveCfg = Debug|Win32
		{D5E0A59C-02FF-4D6A-9A4D-ABEB2B101079}.Debug|x86.Build.0 = Debug|Win32
		{D5E0A59C-02FF-4D6A-9A4D-ABEB2B101079}.Release|x64.ActiveCfg = Release|x64
		{D5E0A59C-02FF-4D6A-9A4D-ABEB2B101079}.Release|x64.Build.0 = Release|x64
		{D5E0A59C-02FF-4D6A-9A4D-ABEB2B101079}.Release|x86.ActiveCfg = Release|Win32
		{D5E0A59C-02FF-4D6A-9A4D-ABEB2B101079}.Release|x86.Build.0 = Release|Win32
		{65FC302E-967D-45E1-AD39-FB03080889D8}.Debug|x64.ActiveCfg = Debug|x64
		{65FC302E-967D-45E1-AD39-FB03080889D8}.Debug|x64.Build.0 = Debug|x64
		{65FC302E-967D-45E1-AD39-FB03080889D8}.Debug|x86.ActiveCfg = Debug|Win32
		{65FC302E-967D-45E1-AD39-FB03080889D8}.Debug|x86.Build.0 = Debug|Win32
		{65FC302E-967D-45E1-AD39-FB03080889D8}.Release|x64.ActiveCfg = Release|x64
		{65FC302E-967D-45E1-AD39-FB03080889D8}.Release|x64.Build.0 = Release|x64
		{65FC302E-967D-45E1-AD39-FB03080889D8}.Release|x86.ActiveCfg = Release|Win32
		{65FC302E-967D-45E1-AD39-FB03080889D8}.Release|x86.Build.0 = Release|Win32
		{02027D1F-8EC0-4939-92C1-4E55CF2AD118}.Debug|x64.ActiveCfg = Debug|x64
		{02027D1F-8EC0-4939-92C1-4E55CF2AD118}.Debug|x64.Build.0 = Debug|x64
		{02027D1F-8EC0-4939-92C1-4E55CF2AD118}.Debug|x86.ActiveCfg = Debug|Win32
		{02027D1F-8EC0-4939-92C1-4E55CF2AD118}.Debug|x86.Build.0 = Debug|Win32
		{02027D1F-8EC0-4939-92C1-4E55CF2AD118}.Release|x64.ActiveCfg = Release|x64
		{02027D1F-8EC0-4939-92C1-4E55CF2AD118}.Release|x64.Build.0 = Release|x64
		{02027D1F-8EC0-4939-92C1-4E55CF2AD118}.Release|x86.ActiveCfg = Release|Win32
		{02027D1F-8EC0-4939-92C1-4E55CF2AD118}.Release|x86.Build.0 = Release|Win32
		{CCB1A013-A33D-4DB3-8EC6-9B350934618C}.Debug|x64.ActiveCfg = Debug|x64
		{CCB1A013-A33D-4DB3-8EC6-9B350934618C}.Debug|x64.Build.0 = Debug|x64
		{CCB1A013-A33D-4DB3-8EC6-9B350934618C}.Debug|x86.ActiveCfg = Debug|Win32
		{CCB1A013-A33D-4DB3-8EC6-9B350934618C}.Debug|x86.Build.0 = Debug|Win32
		{CCB1A013-A33D-4DB3-8EC6-9B350934618C}.Release|x64.ActiveCfg = Release|x64
		{CCB1A013-A33D-4DB3-8EC6-9B350934618C}.Release|x64.Build.0 = Release|x64
		{CCB1A013-A33D-4DB3-8EC6-9B350934618C}.Release|x86.ActiveCfg = Release|Win32
		{CCB1A013-A33D-4DB3-8EC6-9B350934618C}.Release|x86.Build.0 = Release|Win32
		{5CB4E9D3-A300-46E6-B410-8EFCEDEC893B}.Debug|x64.ActiveCfg = Debug|x64
		{5CB4E9D3-A300-46E6-B410-8EFCEDEC893B}.Debug|x64.Build.0 = Debug|x64
		{5CB4E9D3-A300-46E6-B410-8EFCEDEC893B}.Debug|x86.ActiveCfg = Debug|Win32
		{5CB4E9D3-A300-46E6-B410-8EFCEDEC893B}.Debug|x86.Build.0 = Debug|Win32
		{5CB4E9D3-A300-46E6-B410-8EFCEDEC893B}.Release|x64.ActiveCfg = Release|x64
		{5CB4E9D3-A300-46E6-B410-8EFCEDEC893B}.Release|x64.Build.0 = Release|x64
		{5CB4E9D3-A300-46E6-B410-8EFCEDEC893B}.Release|x86.ActiveCfg = Release|Win32
		{5CB4E9D3-A300-46E6-B410-8EFCEDEC893B}.Release|x86.Build.0 = Release|Win32
		{14348E3B-401A-4D8D-82F8-1330203C7CA5}.Debug|x64.ActiveCfg = Debug|x64
		{14348E3B-401A-4D8D-82F8-1330203C7CA5}.Debug|x64.Build.0 = Debug|x64
		{14348E3B-401A-4D8D-82F8-1330203C7CA5}.Debug|x86.ActiveCfg = Debug|Win32
		{14348E3B-401A-4D8D-82F8-1330203C7CA5}.Debug|x86.Build.0 = Debug|Win32
		{14348E3B-401A-4D8D-82F8-1330203C7CA5}.Release|x64.ActiveCfg = Release|x64
		{14348E3B-401A-4D8D-82F8-1330203C7CA5}.Release|x64.Build.0 = Release|x64
		{14348E3B-401A-4D8D-82F8-1330203C7CA5}.Release|x86.ActiveCfg = Release|Win32
		{14348E3B-401A-4D8D-82F8-1330203C7CA5}.Release|x86.Build.0 = Release|Win32
		{AA0FCF75-1427-42F9-AEBD-DA51136E7965}.Debug|x64.ActiveCfg = Debug|x64
		{AA0FCF75-1427-42F9-AEBD-DA51136E7965}.Debug|x64.Build.0 = Debug|x64
		{AA0FCF75-1427-42F9-AEBD-DA51136E7965}.Debug|x86.ActiveCfg = Debug|Win32
		{AA0FCF75-1427-42F9-AEBD-DA51136E7965}.Debug|x86.Build.0 = Debug|Win32
		{AA0FCF75-1427-42F9-AEBD-DA51136E7965}.Release|x64.ActiveCfg = Release|x64
		{AA0FCF75-1427-42F9-AEBD-DA51136E7965}.Release|x64.Build.0 = Release|x64
		{AA0FCF75-1427-42F9-AEBD-DA51136E7965}.Release|x86.ActiveCfg = Release|Win32
		{AA0FCF75-1427-42F9-AEBD-DA51136E7965}.Release|x86.Build.0 = Release|Win32
		{0FC538BC-6151-4FA4-8E11-5DDC8441E232}.Debug|x64.ActiveCfg = Debug|x64
		{0FC538BC-6151-4FA4-8E11-5DDC8441E232}.Debug|x64.Build.0 = Debug|x64
		{0FC538BC-6151-4FA4-8E11-5DDC8441E232}.Debug|x86.ActiveCfg = Debug|Win32
		{0FC538BC-6151-4FA4-8E11-5DDC8441E232}.Debug|x86.Build.0 = Debug|Win32
		{0FC538BC-6151-4FA4-8E11-5DDC8441E232}.Release|x64.ActiveCfg = Release|x64
		{0FC538BC-6151-4FA4-8E11-5DDC8441E232}.Release|x64.Build.0 = Release|x64
		{0FC538BC-6151-4FA4-8E11-5DDC8441E232}.Release|x86.ActiveCfg = Release|Win32
		{0FC538BC-6151-4FA4-8E11-5DDC8441E232}.Release|x86.Build.0 = Release|Win32
		{34894ACC-0D11-497E-B8B2-7C6A094BE6BE}.Debug|x64.ActiveCfg = Debug|x64
		{34894ACC-0D11-497E-B8B2-7C6A094BE6BE}.Debug|x64.Build.0 = Debug|x64
		{34894ACC-0D11-497E-B8B2-7C6A094BE6BE}.Debug|x86.ActiveCfg = Debug|Win32
		{34894ACC-0D11-497E-B8B2-7C6A094BE6BE}.Debug|x86.Build.0 = Debug|Win32
		{34894ACC-0D11-497E-B8B2-7C6A094BE6BE}.Release|x64.ActiveCfg = Release|x64
		{34894ACC-0D11-497E-B8B2-7C6A094BE6BE}.Release|x64.Build.0 = Release|x64
		{34894ACC-0D11-497E-B8B2-7C6A094BE6BE}.Release|x86.ActiveCfg = Release|Win32
		{34894ACC-0D11-497E-B8B2-7C6A094BE6BE}.Release|x86.Build.0 = Release|Win32
		{67B9E86A-1239-4735-B340-4C46906A7505}.Debug|x64.ActiveCfg = Debug|x64
		{67B9E86A-1239-4735-B340-4C46906A7505}.Debug|x64.Build.0 = Debug|x64
		{67B9E86A-1239-4735-B340-4C46906A7505}.Debug|x86.ActiveCfg = Debug|Win32
		{67B9E86A-1239-4735-B340-4C46906A7505}.Debug|x86.Build.0 = Debug|Win32
		{67B9E86A-1239-4735-B340-4C46906A7505}.Release|x64.ActiveCfg = Release|x64
		{67B9E86A-1239-4735-B340-4C46906A7505}.Release|x64.Build.0 = Release|x64
		{67B9E86A-1239-4735-B340-4C46906A7505}.Release|x86.ActiveCfg = Release|Win32
		{67B9E86A-1239-4735-B340-4C46906A7505}.Release|x86.Build.0 = Release|Win32
		{0C1E298C-DB25-4DEE-BCF0-F36987F99012}.Debug|x64.ActiveCfg = Debug|x64
		{0C1E298C-DB25-4DEE-BCF0-F36987F99012}.Debug|x64.Build.0 = Debug|x64
		{0C1E298C-DB25-4DEE-BCF0-F36987F99012}.Debug|x86.ActiveCfg = Debug|Win32
		{0C1E298C-DB25-4DEE-BCF0-F36987F99012}.Debug|x86.Build.0 = Debug|Win32
		{0C1E298C-DB25-4DEE-BCF0-F36987F99012}.Release|x64.ActiveCfg = Release|x64
		{0C1E298C-DB25-4DEE-BCF0-F36987F99012}.Release|x64.Build.0 = Release|x64
		{0C1E298C-DB25-4DEE-BCF0-F36987F99012}.Release|x86.ActiveCfg = Release|Win32
		{0C1E298C-DB25-4DEE-BCF0-F36987F99012}.Release|x86.Build.0 = Release|Win32
		{C0C7DD53-89AC-4AB7-BDFE-607C095C6F03}.Debug|x64.ActiveCfg = Debug|x64
		{C0C7DD53-89AC-4AB7-BDFE-607C095C6F03}.Debug|x64.Build.0 = Debug|x64
		{C0C7DD53-89AC-4AB7-BDFE-607C095C6F03}.Debug|x86.ActiveCfg = Debug|Win32
		{C0C7DD53-89AC-4AB7-BDFE-607C095C6F03}.Debug|x86.Build.0 = Debug|Win32
		{C0C7DD53-89AC-4AB7-BDFE-607C095C6F03}.Release|x64.ActiveCfg = Release|x64
		{C0C7DD53-89AC-4AB7-BDFE-607C095C6F03}.Release|x64.Build.0 = Release|x64
		{C0C7DD53-89AC-4AB7-BDFE-607C095C6F03}.Release|x86.ActiveCfg = Release|Win32
		{C0C7DD53-89AC-4AB7-BDFE-607C095C6F03}.Release|x86.Build.0 = Release|Win32
		{5B8437F1-05AC-4909-AB0D-F43810D7CC8C}.Debug|x64.ActiveCfg = Debug|x64
		{5B8437F1-05AC-4909-AB0D-F43810D7CC8C}.Debug|x64.Build.0 = Debug|x64
		{5B8437F1-05AC-4909-AB0D-F43810D7CC8C}.Debug|x86.ActiveCfg = Debug|Win32
		{5B8437F1-05AC-4909-AB0D-F43810D7CC8C}.Debug|x86.Build.0 = Debug|Win32
		{5B8437F1-05AC-4909-AB0D-F43810D7CC8C}.Release|x64.ActiveCfg = Release|x64
		{5B8437F1-05AC-4909-AB0D-F43810D7CC8C}.Release|x64.Build.0 = Release|x64
		{5B8437F1-05AC-4909-AB0D-F43810D7CC8C}.Release|x86.ActiveCfg = Release|Win32
		{5B8437F1-05AC-4909-AB0D-F43810D7CC8C}.Release|x86.Build.0 = Release|Win32
	EndGlobalSection
	GlobalSection(SolutionProperties) = preSolution
		HideSolutionNode = FALSE
	EndGlobalSection
EndGlobal
